
Microsoft Visual Studio Solution File, Format Version 12.00
# Visual Studio 15
VisualStudioVersion = 15.0.28307.960
MinimumVisualStudioVersion = 10.0.40219.1
Project("{FAE04EC0-301F-11D3-BF4B-00C04F79EFBC}") = "hometask1", "hometask1\hometask1.csproj", "{E18003D5-4D99-4420-AC4E-3F1740A48D29}"
EndProject
Global
	GlobalSection(SolutionConfigurationPlatforms) = preSolution
		Debug|Any CPU = Debug|Any CPU
		Release|Any CPU = Release|Any CPU
	EndGlobalSection
	GlobalSection(ProjectConfigurationPlatforms) = postSolution
		{E18003D5-4D99-4420-AC4E-3F1740A48D29}.Debug|Any CPU.ActiveCfg = Debug|Any CPU
		{E18003D5-4D99-4420-AC4E-3F1740A48D29}.Debug|Any CPU.Build.0 = Debug|Any CPU
		{E18003D5-4D99-4420-AC4E-3F1740A48D29}.Release|Any CPU.ActiveCfg = Release|Any CPU
		{E18003D5-4D99-4420-AC4E-3F1740A48D29}.Release|Any CPU.Build.0 = Release|Any CPU
	EndGlobalSection
	GlobalSection(SolutionProperties) = preSolution
		HideSolutionNode = FALSE
	EndGlobalSection
	GlobalSection(ExtensibilityGlobals) = postSolution
		SolutionGuid = {1C597495-357C-445D-9B8A-DD24A1037ED1}
	EndGlobalSection
EndGlobal
